
Microsoft Visual Studio Solution File, Format Version 12.00
# Visual Studio Version 17
VisualStudioVersion = 17.12.35707.178
MinimumVisualStudioVersion = 10.0.40219.1
Project("{FAE04EC0-301F-11D3-BF4B-00C04F79EFBC}") = "POO_CSharp", "POO_CSharp\POO_CSharp.csproj", "{1B3A60FD-89A2-4C64-BAA5-43407F65382E}"
EndProject
Project("{FAE04EC0-301F-11D3-BF4B-00C04F79EFBC}") = "Heranca", "Heranca\Heranca.csproj", "{0C7AA51A-8DB9-4DEF-9317-1CB7EB1ECD50}"
EndProject
Project("{FAE04EC0-301F-11D3-BF4B-00C04F79EFBC}") = "Polimorfismo", "Polimorfismo\Polimorfismo.csproj", "{32DD20D5-E143-4044-B38A-0DE063F53468}"
EndProject
Global
	GlobalSection(SolutionConfigurationPlatforms) = preSolution
		Debug|Any CPU = Debug|Any CPU
		Release|Any CPU = Release|Any CPU
	EndGlobalSection
	GlobalSection(ProjectConfigurationPlatforms) = postSolution
		{1B3A60FD-89A2-4C64-BAA5-43407F65382E}.Debug|Any CPU.ActiveCfg = Debug|Any CPU
		{1B3A60FD-89A2-4C64-BAA5-43407F65382E}.Debug|Any CPU.Build.0 = Debug|Any CPU
		{1B3A60FD-89A2-4C64-BAA5-43407F65382E}.Release|Any CPU.ActiveCfg = Release|Any CPU
		{1B3A60FD-89A2-4C64-BAA5-43407F65382E}.Release|Any CPU.Build.0 = Release|Any CPU
		{0C7AA51A-8DB9-4DEF-9317-1CB7EB1ECD50}.Debug|Any CPU.ActiveCfg = Debug|Any CPU
		{0C7AA51A-8DB9-4DEF-9317-1CB7EB1ECD50}.Debug|Any CPU.Build.0 = Debug|Any CPU
		{0C7AA51A-8DB9-4DEF-9317-1CB7EB1ECD50}.Release|Any CPU.ActiveCfg = Release|Any CPU
		{0C7AA51A-8DB9-4DEF-9317-1CB7EB1ECD50}.Release|Any CPU.Build.0 = Release|Any CPU
		{32DD20D5-E143-4044-B38A-0DE063F53468}.Debug|Any CPU.ActiveCfg = Debug|Any CPU
		{32DD20D5-E143-4044-B38A-0DE063F53468}.Debug|Any CPU.Build.0 = Debug|Any CPU
		{32DD20D5-E143-4044-B38A-0DE063F53468}.Release|Any CPU.ActiveCfg = Release|Any CPU
		{32DD20D5-E143-4044-B38A-0DE063F53468}.Release|Any CPU.Build.0 = Release|Any CPU
	EndGlobalSection
	GlobalSection(SolutionProperties) = preSolution
		HideSolutionNode = FALSE
	EndGlobalSection
EndGlobal
